
Microsoft Visual Studio Solution File, Format Version 12.00
# Visual Studio Express 2012 for Windows Desktop
Project("{F184B08F-C81C-45F6-A57F-5ABD9991F28F}") = "libhttpsv", "libhttpsv\libhttpsv.vbproj", "{48FCCA28-C323-4D51-82AD-2494A504F519}"
EndProject
Global
	GlobalSection(SolutionConfigurationPlatforms) = preSolution
		Debug|Any CPU = Debug|Any CPU
		Release|Any CPU = Release|Any CPU
	EndGlobalSection
	GlobalSection(ProjectConfigurationPlatforms) = postSolution
		{48FCCA28-C323-4D51-82AD-2494A504F519}.Debug|Any CPU.ActiveCfg = Debug|Any CPU
		{48FCCA28-C323-4D51-82AD-2494A504F519}.Debug|Any CPU.Build.0 = Debug|Any CPU
		{48FCCA28-C323-4D51-82AD-2494A504F519}.Release|Any CPU.ActiveCfg = Release|Any CPU
		{48FCCA28-C323-4D51-82AD-2494A504F519}.Release|Any CPU.Build.0 = Release|Any CPU
	EndGlobalSection
	GlobalSection(SolutionProperties) = preSolution
		HideSolutionNode = FALSE
	EndGlobalSection
EndGlobal
